
Microsoft Visual Studio Solution File, Format Version 12.00
# Visual Studio Version 16
VisualStudioVersion = 16.0.31624.102
MinimumVisualStudioVersion = 10.0.40219.1
Project("{9A19103F-16F7-4668-BE54-9A1E7A4F7556}") = "ConsoleApp31", "ConsoleApp31\ConsoleApp31.csproj", "{56D11BCF-BBEB-4F3F-9112-C30BC79A0A2F}"
EndProject
Project("{FAE04EC0-301F-11D3-BF4B-00C04F79EFBC}") = "FStreamSolution", "FStreamSolution\FStreamSolution.csproj", "{B949DF8F-E6C3-453C-97D9-9569E5B6EA12}"
EndProject
Global
	GlobalSection(SolutionConfigurationPlatforms) = preSolution
		Debug|Any CPU = Debug|Any CPU
		Release|Any CPU = Release|Any CPU
	EndGlobalSection
	GlobalSection(ProjectConfigurationPlatforms) = postSolution
		{56D11BCF-BBEB-4F3F-9112-C30BC79A0A2F}.Debug|Any CPU.ActiveCfg = Debug|Any CPU
		{56D11BCF-BBEB-4F3F-9112-C30BC79A0A2F}.Debug|Any CPU.Build.0 = Debug|Any CPU
		{56D11BCF-BBEB-4F3F-9112-C30BC79A0A2F}.Release|Any CPU.ActiveCfg = Release|Any CPU
		{56D11BCF-BBEB-4F3F-9112-C30BC79A0A2F}.Release|Any CPU.Build.0 = Release|Any CPU
		{B949DF8F-E6C3-453C-97D9-9569E5B6EA12}.Debug|Any CPU.ActiveCfg = Debug|Any CPU
		{B949DF8F-E6C3-453C-97D9-9569E5B6EA12}.Debug|Any CPU.Build.0 = Debug|Any CPU
		{B949DF8F-E6C3-453C-97D9-9569E5B6EA12}.Release|Any CPU.ActiveCfg = Release|Any CPU
		{B949DF8F-E6C3-453C-97D9-9569E5B6EA12}.Release|Any CPU.Build.0 = Release|Any CPU
	EndGlobalSection
	GlobalSection(SolutionProperties) = preSolution
		HideSolutionNode = FALSE
	EndGlobalSection
	GlobalSection(ExtensibilityGlobals) = postSolution
		SolutionGuid = {92F6AF35-4855-4EFA-959C-853B46F7D4E7}
	EndGlobalSection
EndGlobal
